
Microsoft Visual Studio Solution File, Format Version 12.00
# Visual Studio Version 16
VisualStudioVersion = 16.0.29318.209
MinimumVisualStudioVersion = 10.0.40219.1
Project("{9A19103F-16F7-4668-BE54-9A1E7A4F7556}") = "BlazorApp", "BlazorApp\BlazorApp.csproj", "{4BF53246-E920-4CF1-8F55-8550455C2829}"
EndProject
Project("{9A19103F-16F7-4668-BE54-9A1E7A4F7556}") = "MvcApp", "MvcApp\MvcApp.csproj", "{9B73BDA1-4B8E-4BD5-9789-D89823DE69D1}"
EndProject
Project("{9A19103F-16F7-4668-BE54-9A1E7A4F7556}") = "EntitieApps", "EntitieApps\EntitieApps.csproj", "{A25CD44D-3411-4DAD-A8D3-897090C49F6F}"
EndProject
Project("{9A19103F-16F7-4668-BE54-9A1E7A4F7556}") = "ManagerApps", "ManagerApps\ManagerApps.csproj", "{EFAB78FF-314F-42C1-9E18-F29BF194DBE3}"
EndProject
Project("{9A19103F-16F7-4668-BE54-9A1E7A4F7556}") = "RepositoryApps", "RepositoryApps\RepositoryApps.csproj", "{7457DCCF-6E4B-427A-A006-5C6D48CA24C3}"
EndProject
Project("{9A19103F-16F7-4668-BE54-9A1E7A4F7556}") = "Utilities", "Utilities\Utilities.csproj", "{82C84119-EA8F-44DF-8969-A428150CF304}"
EndProject
Project("{FAE04EC0-301F-11D3-BF4B-00C04F79EFBC}") = "CodeFirstEFCore", "CodeFirstEFCore\CodeFirstEFCore.csproj", "{FDC01571-9720-4432-A851-32C4C9DC34E9}"
EndProject
Global
	GlobalSection(SolutionConfigurationPlatforms) = preSolution
		Debug|Any CPU = Debug|Any CPU
		Release|Any CPU = Release|Any CPU
	EndGlobalSection
	GlobalSection(ProjectConfigurationPlatforms) = postSolution
		{4BF53246-E920-4CF1-8F55-8550455C2829}.Debug|Any CPU.ActiveCfg = Debug|Any CPU
		{4BF53246-E920-4CF1-8F55-8550455C2829}.Debug|Any CPU.Build.0 = Debug|Any CPU
		{4BF53246-E920-4CF1-8F55-8550455C2829}.Release|Any CPU.ActiveCfg = Release|Any CPU
		{4BF53246-E920-4CF1-8F55-8550455C2829}.Release|Any CPU.Build.0 = Release|Any CPU
		{9B73BDA1-4B8E-4BD5-9789-D89823DE69D1}.Debug|Any CPU.ActiveCfg = Debug|Any CPU
		{9B73BDA1-4B8E-4BD5-9789-D89823DE69D1}.Debug|Any CPU.Build.0 = Debug|Any CPU
		{9B73BDA1-4B8E-4BD5-9789-D89823DE69D1}.Release|Any CPU.ActiveCfg = Release|Any CPU
		{9B73BDA1-4B8E-4BD5-9789-D89823DE69D1}.Release|Any CPU.Build.0 = Release|Any CPU
		{A25CD44D-3411-4DAD-A8D3-897090C49F6F}.Debug|Any CPU.ActiveCfg = Debug|Any CPU
		{A25CD44D-3411-4DAD-A8D3-897090C49F6F}.Debug|Any CPU.Build.0 = Debug|Any CPU
		{A25CD44D-3411-4DAD-A8D3-897090C49F6F}.Release|Any CPU.ActiveCfg = Release|Any CPU
		{A25CD44D-3411-4DAD-A8D3-897090C49F6F}.Release|Any CPU.Build.0 = Release|Any CPU
		{EFAB78FF-314F-42C1-9E18-F29BF194DBE3}.Debug|Any CPU.ActiveCfg = Debug|Any CPU
		{EFAB78FF-314F-42C1-9E18-F29BF194DBE3}.Debug|Any CPU.Build.0 = Debug|Any CPU
		{EFAB78FF-314F-42C1-9E18-F29BF194DBE3}.Release|Any CPU.ActiveCfg = Release|Any CPU
		{EFAB78FF-314F-42C1-9E18-F29BF194DBE3}.Release|Any CPU.Build.0 = Release|Any CPU
		{7457DCCF-6E4B-427A-A006-5C6D48CA24C3}.Debug|Any CPU.ActiveCfg = Debug|Any CPU
		{7457DCCF-6E4B-427A-A006-5C6D48CA24C3}.Debug|Any CPU.Build.0 = Debug|Any CPU
		{7457DCCF-6E4B-427A-A006-5C6D48CA24C3}.Release|Any CPU.ActiveCfg = Release|Any CPU
		{7457DCCF-6E4B-427A-A006-5C6D48CA24C3}.Release|Any CPU.Build.0 = Release|Any CPU
		{82C84119-EA8F-44DF-8969-A428150CF304}.Debug|Any CPU.ActiveCfg = Debug|Any CPU
		{82C84119-EA8F-44DF-8969-A428150CF304}.Debug|Any CPU.Build.0 = Debug|Any CPU
		{82C84119-EA8F-44DF-8969-A428150CF304}.Release|Any CPU.ActiveCfg = Release|Any CPU
		{82C84119-EA8F-44DF-8969-A428150CF304}.Release|Any CPU.Build.0 = Release|Any CPU
		{FDC01571-9720-4432-A851-32C4C9DC34E9}.Debug|Any CPU.ActiveCfg = Debug|Any CPU
		{FDC01571-9720-4432-A851-32C4C9DC34E9}.Debug|Any CPU.Build.0 = Debug|Any CPU
		{FDC01571-9720-4432-A851-32C4C9DC34E9}.Release|Any CPU.ActiveCfg = Release|Any CPU
		{FDC01571-9720-4432-A851-32C4C9DC34E9}.Release|Any CPU.Build.0 = Release|Any CPU
	EndGlobalSection
	GlobalSection(SolutionProperties) = preSolution
		HideSolutionNode = FALSE
	EndGlobalSection
	GlobalSection(ExtensibilityGlobals) = postSolution
		SolutionGuid = {B6A2242A-74DF-4D2F-9CB3-8305DE90C7CE}
	EndGlobalSection
EndGlobal
